
Microsoft Visual Studio Solution File, Format Version 12.00
# Visual Studio Version 17
VisualStudioVersion = 17.4.33213.308
MinimumVisualStudioVersion = 10.0.40219.1
Project("{FAE04EC0-301F-11D3-BF4B-00C04F79EFBC}") = "WPFControls", "WPFControls\WPFControls.csproj", "{D49E9D38-FA66-457E-97B6-A34C4C1B657D}"
EndProject
Project("{FAE04EC0-301F-11D3-BF4B-00C04F79EFBC}") = "ObserverColletion", "ObserverColletion\ObserverColletion.csproj", "{8624A8F5-88BA-40C8-B169-E7AA4DE6DD25}"
EndProject
Project("{FAE04EC0-301F-11D3-BF4B-00C04F79EFBC}") = "StockWatcher", "StockWatcher\StockWatcher.csproj", "{E4F76F0D-0E16-42F8-8786-2A62395350F8}"
EndProject
Project("{FAE04EC0-301F-11D3-BF4B-00C04F79EFBC}") = "WpfDataBinding", "WpfDataBinding\WpfDataBinding.csproj", "{193E5587-3FE1-4982-854F-DD954D1E9E17}"
EndProject
Project("{FAE04EC0-301F-11D3-BF4B-00C04F79EFBC}") = "WpfListBoxUpdate", "WpfListBoxUpdate\WpfListBoxUpdate.csproj", "{EC306065-4F7A-4F87-96D2-4FB7860568EE}"
EndProject
Project("{FAE04EC0-301F-11D3-BF4B-00C04F79EFBC}") = "WpfMvvm", "WpfMvvm\WpfMvvm.csproj", "{A44E9E0E-CE2E-427A-BD9A-DAEDC3A92F5A}"
EndProject
Global
	GlobalSection(SolutionConfigurationPlatforms) = preSolution
		Debug|Any CPU = Debug|Any CPU
		Release|Any CPU = Release|Any CPU
	EndGlobalSection
	GlobalSection(ProjectConfigurationPlatforms) = postSolution
		{D49E9D38-FA66-457E-97B6-A34C4C1B657D}.Debug|Any CPU.ActiveCfg = Debug|Any CPU
		{D49E9D38-FA66-457E-97B6-A34C4C1B657D}.Debug|Any CPU.Build.0 = Debug|Any CPU
		{D49E9D38-FA66-457E-97B6-A34C4C1B657D}.Release|Any CPU.ActiveCfg = Release|Any CPU
		{D49E9D38-FA66-457E-97B6-A34C4C1B657D}.Release|Any CPU.Build.0 = Release|Any CPU
		{8624A8F5-88BA-40C8-B169-E7AA4DE6DD25}.Debug|Any CPU.ActiveCfg = Debug|Any CPU
		{8624A8F5-88BA-40C8-B169-E7AA4DE6DD25}.Debug|Any CPU.Build.0 = Debug|Any CPU
		{8624A8F5-88BA-40C8-B169-E7AA4DE6DD25}.Release|Any CPU.ActiveCfg = Release|Any CPU
		{8624A8F5-88BA-40C8-B169-E7AA4DE6DD25}.Release|Any CPU.Build.0 = Release|Any CPU
		{E4F76F0D-0E16-42F8-8786-2A62395350F8}.Debug|Any CPU.ActiveCfg = Debug|Any CPU
		{E4F76F0D-0E16-42F8-8786-2A62395350F8}.Debug|Any CPU.Build.0 = Debug|Any CPU
		{E4F76F0D-0E16-42F8-8786-2A62395350F8}.Release|Any CPU.ActiveCfg = Release|Any CPU
		{E4F76F0D-0E16-42F8-8786-2A62395350F8}.Release|Any CPU.Build.0 = Release|Any CPU
		{193E5587-3FE1-4982-854F-DD954D1E9E17}.Debug|Any CPU.ActiveCfg = Debug|Any CPU
		{193E5587-3FE1-4982-854F-DD954D1E9E17}.Debug|Any CPU.Build.0 = Debug|Any CPU
		{193E5587-3FE1-4982-854F-DD954D1E9E17}.Release|Any CPU.ActiveCfg = Release|Any CPU
		{193E5587-3FE1-4982-854F-DD954D1E9E17}.Release|Any CPU.Build.0 = Release|Any CPU
		{EC306065-4F7A-4F87-96D2-4FB7860568EE}.Debug|Any CPU.ActiveCfg = Debug|Any CPU
		{EC306065-4F7A-4F87-96D2-4FB7860568EE}.Debug|Any CPU.Build.0 = Debug|Any CPU
		{EC306065-4F7A-4F87-96D2-4FB7860568EE}.Release|Any CPU.ActiveCfg = Release|Any CPU
		{EC306065-4F7A-4F87-96D2-4FB7860568EE}.Release|Any CPU.Build.0 = Release|Any CPU
		{A44E9E0E-CE2E-427A-BD9A-DAEDC3A92F5A}.Debug|Any CPU.ActiveCfg = Debug|Any CPU
		{A44E9E0E-CE2E-427A-BD9A-DAEDC3A92F5A}.Debug|Any CPU.Build.0 = Debug|Any CPU
		{A44E9E0E-CE2E-427A-BD9A-DAEDC3A92F5A}.Release|Any CPU.ActiveCfg = Release|Any CPU
		{A44E9E0E-CE2E-427A-BD9A-DAEDC3A92F5A}.Release|Any CPU.Build.0 = Release|Any CPU
	EndGlobalSection
	GlobalSection(SolutionProperties) = preSolution
		HideSolutionNode = FALSE
	EndGlobalSection
	GlobalSection(ExtensibilityGlobals) = postSolution
		SolutionGuid = {CDD8DC82-A832-46B5-B7F2-5E4E902B07F6}
	EndGlobalSection
EndGlobal
